// !$*UTF8*$!
{
	archiveVersion = 1;
	classes = {
	};
	objectVersion = 50;
	objects = {

/* Begin PBXBuildFile section */
		4027805C26F4BC01009BF093 /* landmarkData.json in Resources */ = {isa = PBXBuildFile; fileRef = 4027805B26F4BC01009BF093 /* landmarkData.json */; };
		4027805E26F4BC1E009BF093 /* Landmark.swift in Sources */ = {isa = PBXBuildFile; fileRef = 4027805D26F4BC1E009BF093 /* Landmark.swift */; };
		4027806026F4BD50009BF093 /* ModelData.swift in Sources */ = {isa = PBXBuildFile; fileRef = 4027805F26F4BD50009BF093 /* ModelData.swift */; };
		4027806526F4BED2009BF093 /* LandmarkRow.swift in Sources */ = {isa = PBXBuildFile; fileRef = 4027806426F4BED2009BF093 /* LandmarkRow.swift */; };
		4027806726F4C07C009BF093 /* LandmarkList.swift in Sources */ = {isa = PBXBuildFile; fileRef = 4027806626F4C07C009BF093 /* LandmarkList.swift */; };
		4027806926F4C1D0009BF093 /* LandmarkDetail.swift in Sources */ = {isa = PBXBuildFile; fileRef = 4027806826F4C1D0009BF093 /* LandmarkDetail.swift */; };
		4027806B26F4CDC9009BF093 /* FavoriteButton.swift in Sources */ = {isa = PBXBuildFile; fileRef = 4027806A26F4CDC9009BF093 /* FavoriteButton.swift */; };
		40410E9B27073D84002881DC /* Assets.xcassets in Resources */ = {isa = PBXBuildFile; fileRef = 40410E9A27073D84002881DC /* Assets.xcassets */; };
		40410EA127073D84002881DC /* WatchLandmarks WatchKit Extension.appex in Embed App Extensions */ = {isa = PBXBuildFile; fileRef = 40410EA027073D84002881DC /* WatchLandmarks WatchKit Extension.appex */; settings = {ATTRIBUTES = (RemoveHeadersOnCopy, ); }; };
		40410EA827073D84002881DC /* ContentView.swift in Sources */ = {isa = PBXBuildFile; fileRef = 40410EA727073D84002881DC /* ContentView.swift */; };
		40410EAA27073D84002881DC /* NotificationController.swift in Sources */ = {isa = PBXBuildFile; fileRef = 40410EA927073D84002881DC /* NotificationController.swift */; };
		40410EAC27073D84002881DC /* NotificationView.swift in Sources */ = {isa = PBXBuildFile; fileRef = 40410EAB27073D84002881DC /* NotificationView.swift */; };
		40410EAE27073D84002881DC /* ComplicationController.swift in Sources */ = {isa = PBXBuildFile; fileRef = 40410EAD27073D84002881DC /* ComplicationController.swift */; };
		40410EB027073D86002881DC /* Assets.xcassets in Resources */ = {isa = PBXBuildFile; fileRef = 40410EAF27073D86002881DC /* Assets.xcassets */; };
		40410EB327073D86002881DC /* Preview Assets.xcassets in Resources */ = {isa = PBXBuildFile; fileRef = 40410EB227073D86002881DC /* Preview Assets.xcassets */; };
		40410EB827073D86002881DC /* WatchLandmarks.app in Embed Watch Content */ = {isa = PBXBuildFile; fileRef = 40410E9827073D81002881DC /* WatchLandmarks.app */; settings = {ATTRIBUTES = (RemoveHeadersOnCopy, ); }; };
		40410EC127074037002881DC /* MapView.swift in Sources */ = {isa = PBXBuildFile; fileRef = 40B30D1B26F3A1B700167B54 /* MapView.swift */; };
		40410EC227074037002881DC /* CircleImage.swift in Sources */ = {isa = PBXBuildFile; fileRef = 40B30D1926F3A06500167B54 /* CircleImage.swift */; };
		40410EC327074037002881DC /* LandmarkRow.swift in Sources */ = {isa = PBXBuildFile; fileRef = 4027806426F4BED2009BF093 /* LandmarkRow.swift */; };
		40410EC427074037002881DC /* LandmarksApp.swift in Sources */ = {isa = PBXBuildFile; fileRef = 40B30D0A26F39D0000167B54 /* LandmarksApp.swift */; };
		40410EC527074037002881DC /* ModelData.swift in Sources */ = {isa = PBXBuildFile; fileRef = 4027805F26F4BD50009BF093 /* ModelData.swift */; };
		40410EC627074037002881DC /* landmarkData.json in Resources */ = {isa = PBXBuildFile; fileRef = 4027805B26F4BC01009BF093 /* landmarkData.json */; };
		40410EC727074037002881DC /* Landmark.swift in Sources */ = {isa = PBXBuildFile; fileRef = 4027805D26F4BC1E009BF093 /* Landmark.swift */; };
		40410EC827074037002881DC /* hikeData.json in Resources */ = {isa = PBXBuildFile; fileRef = 40AD771926FF016A000650DE /* hikeData.json */; };
		40410EC927074037002881DC /* Hike.swift in Sources */ = {isa = PBXBuildFile; fileRef = 40AD771B26FF01B9000650DE /* Hike.swift */; };
		40410ECA27074037002881DC /* Assets.xcassets in Resources */ = {isa = PBXBuildFile; fileRef = 40B30D0E26F39D0300167B54 /* Assets.xcassets */; };
		40410ECB27074037002881DC /* Profile.swift in Sources */ = {isa = PBXBuildFile; fileRef = 40BB15E327032F6300A714F4 /* Profile.swift */; };
		40410ECE270740CA002881DC /* LandmarkDetail.swift in Sources */ = {isa = PBXBuildFile; fileRef = 40410ECD270740CA002881DC /* LandmarkDetail.swift */; };
		404FA80E27049B7000A2EBE7 /* PageViewController.swift in Sources */ = {isa = PBXBuildFile; fileRef = 404FA80D27049B7000A2EBE7 /* PageViewController.swift */; };
		404FA81027049DC100A2EBE7 /* FeatureCard.swift in Sources */ = {isa = PBXBuildFile; fileRef = 404FA80F27049DC100A2EBE7 /* FeatureCard.swift */; };
		404FA81227049F5900A2EBE7 /* PageView.swift in Sources */ = {isa = PBXBuildFile; fileRef = 404FA81127049F5900A2EBE7 /* PageView.swift */; };
		40A372B726F8B2BA0071FD23 /* HexagonParameters.swift in Sources */ = {isa = PBXBuildFile; fileRef = 40A372B626F8B2BA0071FD23 /* HexagonParameters.swift */; };
		40A372B926F8B4170071FD23 /* BadgeBackground.swift in Sources */ = {isa = PBXBuildFile; fileRef = 40A372B826F8B4170071FD23 /* BadgeBackground.swift */; };
		40A372BB26F9E92D0071FD23 /* BadgeSymbol.swift in Sources */ = {isa = PBXBuildFile; fileRef = 40A372BA26F9E92D0071FD23 /* BadgeSymbol.swift */; };
		40A372BD26F9EC240071FD23 /* RotatedBadgeSymbol.swift in Sources */ = {isa = PBXBuildFile; fileRef = 40A372BC26F9EC240071FD23 /* RotatedBadgeSymbol.swift */; };
		40A372BF26F9ECB50071FD23 /* Badge.swift in Sources */ = {isa = PBXBuildFile; fileRef = 40A372BE26F9ECB50071FD23 /* Badge.swift */; };
		40AD771A26FF016A000650DE /* hikeData.json in Resources */ = {isa = PBXBuildFile; fileRef = 40AD771926FF016A000650DE /* hikeData.json */; };
		40AD771C26FF01B9000650DE /* Hike.swift in Sources */ = {isa = PBXBuildFile; fileRef = 40AD771B26FF01B9000650DE /* Hike.swift */; };
		40AD772226FF0283000650DE /* GraphCapsule.swift in Sources */ = {isa = PBXBuildFile; fileRef = 40AD771E26FF0283000650DE /* GraphCapsule.swift */; };
		40AD772326FF0283000650DE /* HikeGraph.swift in Sources */ = {isa = PBXBuildFile; fileRef = 40AD771F26FF0283000650DE /* HikeGraph.swift */; };
		40AD772426FF0283000650DE /* HikeDetail.swift in Sources */ = {isa = PBXBuildFile; fileRef = 40AD772026FF0283000650DE /* HikeDetail.swift */; };
		40AD772526FF0283000650DE /* HikeView.swift in Sources */ = {isa = PBXBuildFile; fileRef = 40AD772126FF0283000650DE /* HikeView.swift */; };
		40B30D0B26F39D0000167B54 /* LandmarksApp.swift in Sources */ = {isa = PBXBuildFile; fileRef = 40B30D0A26F39D0000167B54 /* LandmarksApp.swift */; };
		40B30D0D26F39D0000167B54 /* ContentView.swift in Sources */ = {isa = PBXBuildFile; fileRef = 40B30D0C26F39D0000167B54 /* ContentView.swift */; };
		40B30D0F26F39D0300167B54 /* Assets.xcassets in Resources */ = {isa = PBXBuildFile; fileRef = 40B30D0E26F39D0300167B54 /* Assets.xcassets */; };
		40B30D1226F39D0300167B54 /* Preview Assets.xcassets in Resources */ = {isa = PBXBuildFile; fileRef = 40B30D1126F39D0300167B54 /* Preview Assets.xcassets */; };
		40B30D1A26F3A06500167B54 /* CircleImage.swift in Sources */ = {isa = PBXBuildFile; fileRef = 40B30D1926F3A06500167B54 /* CircleImage.swift */; };
		40B30D1C26F3A1B700167B54 /* MapView.swift in Sources */ = {isa = PBXBuildFile; fileRef = 40B30D1B26F3A1B700167B54 /* MapView.swift */; };
		40BB15DC2700AEF700A714F4 /* CategoryHome.swift in Sources */ = {isa = PBXBuildFile; fileRef = 40BB15DB2700AEF700A714F4 /* CategoryHome.swift */; };
		40BB15DE2700B2B500A714F4 /* CategoryRow.swift in Sources */ = {isa = PBXBuildFile; fileRef = 40BB15DD2700B2B500A714F4 /* CategoryRow.swift */; };
		40BB15E02700B4FF00A714F4 /* CategoryItem.swift in Sources */ = {isa = PBXBuildFile; fileRef = 40BB15DF2700B4FF00A714F4 /* CategoryItem.swift */; };
		40BB15E427032F6300A714F4 /* Profile.swift in Sources */ = {isa = PBXBuildFile; fileRef = 40BB15E327032F6300A714F4 /* Profile.swift */; };
		40BB15E727032FCF00A714F4 /* ProfileHost.swift in Sources */ = {isa = PBXBuildFile; fileRef = 40BB15E627032FCF00A714F4 /* ProfileHost.swift */; };
		40BB15E92703307300A714F4 /* ProfileSummary.swift in Sources */ = {isa = PBXBuildFile; fileRef = 40BB15E82703307300A714F4 /* ProfileSummary.swift */; };
		40BB15EB2703319E00A714F4 /* HikeBadge.swift in Sources */ = {isa = PBXBuildFile; fileRef = 40BB15EA2703319E00A714F4 /* HikeBadge.swift */; };
		40BB15ED270337A400A714F4 /* ProfileEditor.swift in Sources */ = {isa = PBXBuildFile; fileRef = 40BB15EC270337A400A714F4 /* ProfileEditor.swift */; };
		40E3AF7827088C9E007CE068 /* ContentView.swift in Sources */ = {isa = PBXBuildFile; fileRef = 40E3AF7727088C9E007CE068 /* ContentView.swift */; };
		40E3AF7A27088C9F007CE068 /* Assets.xcassets in Resources */ = {isa = PBXBuildFile; fileRef = 40E3AF7927088C9F007CE068 /* Assets.xcassets */; };
		40E3AF7D27088C9F007CE068 /* Preview Assets.xcassets in Resources */ = {isa = PBXBuildFile; fileRef = 40E3AF7C27088C9F007CE068 /* Preview Assets.xcassets */; };
		40E3AF8227088D77007CE068 /* Hike.swift in Sources */ = {isa = PBXBuildFile; fileRef = 40AD771B26FF01B9000650DE /* Hike.swift */; };
		40E3AF8327088D77007CE068 /* CircleImage.swift in Sources */ = {isa = PBXBuildFile; fileRef = 40B30D1926F3A06500167B54 /* CircleImage.swift */; };
		40E3AF8427088D77007CE068 /* hikeData.json in Resources */ = {isa = PBXBuildFile; fileRef = 40AD771926FF016A000650DE /* hikeData.json */; };
		40E3AF8527088D77007CE068 /* landmarkData.json in Resources */ = {isa = PBXBuildFile; fileRef = 4027805B26F4BC01009BF093 /* landmarkData.json */; };
		40E3AF8627088D77007CE068 /* Landmark.swift in Sources */ = {isa = PBXBuildFile; fileRef = 4027805D26F4BC1E009BF093 /* Landmark.swift */; };
		40E3AF8727088D77007CE068 /* FavoriteButton.swift in Sources */ = {isa = PBXBuildFile; fileRef = 4027806A26F4CDC9009BF093 /* FavoriteButton.swift */; };
		40E3AF8827088D77007CE068 /* LandmarksApp.swift in Sources */ = {isa = PBXBuildFile; fileRef = 40B30D0A26F39D0000167B54 /* LandmarksApp.swift */; };
		40E3AF8927088D77007CE068 /* LandmarkRow.swift in Sources */ = {isa = PBXBuildFile; fileRef = 4027806426F4BED2009BF093 /* LandmarkRow.swift */; };
		40E3AF8A27088D77007CE068 /* Assets.xcassets in Resources */ = {isa = PBXBuildFile; fileRef = 40B30D0E26F39D0300167B54 /* Assets.xcassets */; };
		40E3AF8B27088D77007CE068 /* Profile.swift in Sources */ = {isa = PBXBuildFile; fileRef = 40BB15E327032F6300A714F4 /* Profile.swift */; };
		40E3AF8C27088D77007CE068 /* ModelData.swift in Sources */ = {isa = PBXBuildFile; fileRef = 4027805F26F4BD50009BF093 /* ModelData.swift */; };
		40E3AF8D27088D77007CE068 /* MapView.swift in Sources */ = {isa = PBXBuildFile; fileRef = 40B30D1B26F3A1B700167B54 /* MapView.swift */; };
		40E3AF8E27088D77007CE068 /* LandmarkList.swift in Sources */ = {isa = PBXBuildFile; fileRef = 4027806626F4C07C009BF093 /* LandmarkList.swift */; };
		40E3AF9027088E5F007CE068 /* LandmarkDetail.swift in Sources */ = {isa = PBXBuildFile; fileRef = 40E3AF8F27088E5F007CE068 /* LandmarkDetail.swift */; };
		40E3AF9227089372007CE068 /* LandmarkList.swift in Sources */ = {isa = PBXBuildFile; fileRef = 40E3AF9127089372007CE068 /* LandmarkList.swift */; };
		40E3AF942708A04B007CE068 /* LandmarkCommands.swift in Sources */ = {isa = PBXBuildFile; fileRef = 40E3AF932708A04B007CE068 /* LandmarkCommands.swift */; };
		40E3AF952708A04B007CE068 /* LandmarkCommands.swift in Sources */ = {isa = PBXBuildFile; fileRef = 40E3AF932708A04B007CE068 /* LandmarkCommands.swift */; };
		40E3AF972708A56A007CE068 /* LandmarkSettings.swift in Sources */ = {isa = PBXBuildFile; fileRef = 40E3AF962708A56A007CE068 /* LandmarkSettings.swift */; };
		40E865712704AA9500323373 /* PageControl.swift in Sources */ = {isa = PBXBuildFile; fileRef = 40E865702704AA9500323373 /* PageControl.swift */; };
/* End PBXBuildFile section */

/* Begin PBXContainerItemProxy section */
		40410EA227073D84002881DC /* PBXContainerItemProxy */ = {
			isa = PBXContainerItemProxy;
			containerPortal = 40B30CFF26F39D0000167B54 /* Project object */;
			proxyType = 1;
			remoteGlobalIDString = 40410E9F27073D84002881DC;
			remoteInfo = "WatchLandmarks WatchKit Extension";
		};
		40410EB627073D86002881DC /* PBXContainerItemProxy */ = {
			isa = PBXContainerItemProxy;
			containerPortal = 40B30CFF26F39D0000167B54 /* Project object */;
			proxyType = 1;
			remoteGlobalIDString = 40410E9727073D81002881DC;
			remoteInfo = WatchLandmarks;
		};
/* End PBXContainerItemProxy section */

/* Begin PBXCopyFilesBuildPhase section */
		40410EB927073D86002881DC /* Embed Watch Content */ = {
			isa = PBXCopyFilesBuildPhase;
			buildActionMask = 2147483647;
			dstPath = "$(CONTENTS_FOLDER_PATH)/Watch";
			dstSubfolderSpec = 16;
			files = (
				40410EB827073D86002881DC /* WatchLandmarks.app in Embed Watch Content */,
			);
			name = "Embed Watch Content";
			runOnlyForDeploymentPostprocessing = 0;
		};
		40410EBC27073D86002881DC /* Embed App Extensions */ = {
			isa = PBXCopyFilesBuildPhase;
			buildActionMask = 2147483647;
			dstPath = "";
			dstSubfolderSpec = 13;
			files = (
				40410EA127073D84002881DC /* WatchLandmarks WatchKit Extension.appex in Embed App Extensions */,
			);
			name = "Embed App Extensions";
			runOnlyForDeploymentPostprocessing = 0;
		};
/* End PBXCopyFilesBuildPhase section */

/* Begin PBXFileReference section */
		4027805B26F4BC01009BF093 /* landmarkData.json */ = {isa = PBXFileReference; fileEncoding = 4; lastKnownFileType = text.json; path = landmarkData.json; sourceTree = "<group>"; };
		4027805D26F4BC1E009BF093 /* Landmark.swift */ = {isa = PBXFileReference; lastKnownFileType = sourcecode.swift; path = Landmark.swift; sourceTree = "<group>"; };
		4027805F26F4BD50009BF093 /* ModelData.swift */ = {isa = PBXFileReference; lastKnownFileType = sourcecode.swift; path = ModelData.swift; sourceTree = "<group>"; };
		4027806426F4BED2009BF093 /* LandmarkRow.swift */ = {isa = PBXFileReference; lastKnownFileType = sourcecode.swift; path = LandmarkRow.swift; sourceTree = "<group>"; };
		4027806626F4C07C009BF093 /* LandmarkList.swift */ = {isa = PBXFileReference; lastKnownFileType = sourcecode.swift; path = LandmarkList.swift; sourceTree = "<group>"; };
		4027806826F4C1D0009BF093 /* LandmarkDetail.swift */ = {isa = PBXFileReference; lastKnownFileType = sourcecode.swift; path = LandmarkDetail.swift; sourceTree = "<group>"; };
		4027806A26F4CDC9009BF093 /* FavoriteButton.swift */ = {isa = PBXFileReference; lastKnownFileType = sourcecode.swift; path = FavoriteButton.swift; sourceTree = "<group>"; };
		40410E9827073D81002881DC /* WatchLandmarks.app */ = {isa = PBXFileReference; explicitFileType = wrapper.application; includeInIndex = 0; path = WatchLandmarks.app; sourceTree = BUILT_PRODUCTS_DIR; };
		40410E9A27073D84002881DC /* Assets.xcassets */ = {isa = PBXFileReference; lastKnownFileType = folder.assetcatalog; path = Assets.xcassets; sourceTree = "<group>"; };
		40410EA027073D84002881DC /* WatchLandmarks WatchKit Extension.appex */ = {isa = PBXFileReference; explicitFileType = "wrapper.app-extension"; includeInIndex = 0; path = "WatchLandmarks WatchKit Extension.appex"; sourceTree = BUILT_PRODUCTS_DIR; };
		40410EA727073D84002881DC /* ContentView.swift */ = {isa = PBXFileReference; lastKnownFileType = sourcecode.swift; path = ContentView.swift; sourceTree = "<group>"; };
		40410EA927073D84002881DC /* NotificationController.swift */ = {isa = PBXFileReference; lastKnownFileType = sourcecode.swift; path = NotificationController.swift; sourceTree = "<group>"; };
		40410EAB27073D84002881DC /* NotificationView.swift */ = {isa = PBXFileReference; lastKnownFileType = sourcecode.swift; path = NotificationView.swift; sourceTree = "<group>"; };
		40410EAD27073D84002881DC /* ComplicationController.swift */ = {isa = PBXFileReference; lastKnownFileType = sourcecode.swift; path = ComplicationController.swift; sourceTree = "<group>"; };
		40410EAF27073D86002881DC /* Assets.xcassets */ = {isa = PBXFileReference; lastKnownFileType = folder.assetcatalog; path = Assets.xcassets; sourceTree = "<group>"; };
		40410EB227073D86002881DC /* Preview Assets.xcassets */ = {isa = PBXFileReference; lastKnownFileType = folder.assetcatalog; path = "Preview Assets.xcassets"; sourceTree = "<group>"; };
		40410EB427073D86002881DC /* Info.plist */ = {isa = PBXFileReference; lastKnownFileType = text.plist.xml; path = Info.plist; sourceTree = "<group>"; };
		40410EB527073D86002881DC /* PushNotificationPayload.apns */ = {isa = PBXFileReference; lastKnownFileType = text; path = PushNotificationPayload.apns; sourceTree = "<group>"; };
		40410ECD270740CA002881DC /* LandmarkDetail.swift */ = {isa = PBXFileReference; lastKnownFileType = sourcecode.swift; path = LandmarkDetail.swift; sourceTree = "<group>"; };
		404FA80D27049B7000A2EBE7 /* PageViewController.swift */ = {isa = PBXFileReference; lastKnownFileType = sourcecode.swift; path = PageViewController.swift; sourceTree = "<group>"; };
		404FA80F27049DC100A2EBE7 /* FeatureCard.swift */ = {isa = PBXFileReference; lastKnownFileType = sourcecode.swift; path = FeatureCard.swift; sourceTree = "<group>"; };
		404FA81127049F5900A2EBE7 /* PageView.swift */ = {isa = PBXFileReference; lastKnownFileType = sourcecode.swift; path = PageView.swift; sourceTree = "<group>"; };
		40A372B626F8B2BA0071FD23 /* HexagonParameters.swift */ = {isa = PBXFileReference; lastKnownFileType = sourcecode.swift; path = HexagonParameters.swift; sourceTree = "<group>"; };
		40A372B826F8B4170071FD23 /* BadgeBackground.swift */ = {isa = PBXFileReference; lastKnownFileType = sourcecode.swift; path = BadgeBackground.swift; sourceTree = "<group>"; };
		40A372BA26F9E92D0071FD23 /* BadgeSymbol.swift */ = {isa = PBXFileReference; lastKnownFileType = sourcecode.swift; path = BadgeSymbol.swift; sourceTree = "<group>"; };
		40A372BC26F9EC240071FD23 /* RotatedBadgeSymbol.swift */ = {isa = PBXFileReference; lastKnownFileType = sourcecode.swift; path = RotatedBadgeSymbol.swift; sourceTree = "<group>"; };
		40A372BE26F9ECB50071FD23 /* Badge.swift */ = {isa = PBXFileReference; lastKnownFileType = sourcecode.swift; path = Badge.swift; sourceTree = "<group>"; };
		40AD771926FF016A000650DE /* hikeData.json */ = {isa = PBXFileReference; fileEncoding = 4; lastKnownFileType = text.json; path = hikeData.json; sourceTree = "<group>"; };
		40AD771B26FF01B9000650DE /* Hike.swift */ = {isa = PBXFileReference; lastKnownFileType = sourcecode.swift; path = Hike.swift; sourceTree = "<group>"; };
		40AD771E26FF0283000650DE /* GraphCapsule.swift */ = {isa = PBXFileReference; fileEncoding = 4; lastKnownFileType = sourcecode.swift; path = GraphCapsule.swift; sourceTree = "<group>"; };
		40AD771F26FF0283000650DE /* HikeGraph.swift */ = {isa = PBXFileReference; fileEncoding = 4; lastKnownFileType = sourcecode.swift; path = HikeGraph.swift; sourceTree = "<group>"; };
		40AD772026FF0283000650DE /* HikeDetail.swift */ = {isa = PBXFileReference; fileEncoding = 4; lastKnownFileType = sourcecode.swift; path = HikeDetail.swift; sourceTree = "<group>"; };
		40AD772126FF0283000650DE /* HikeView.swift */ = {isa = PBXFileReference; fileEncoding = 4; lastKnownFileType = sourcecode.swift; path = HikeView.swift; sourceTree = "<group>"; };
		40B30D0726F39D0000167B54 /* Landmarks.app */ = {isa = PBXFileReference; explicitFileType = wrapper.application; includeInIndex = 0; path = Landmarks.app; sourceTree = BUILT_PRODUCTS_DIR; };
		40B30D0A26F39D0000167B54 /* LandmarksApp.swift */ = {isa = PBXFileReference; lastKnownFileType = sourcecode.swift; path = LandmarksApp.swift; sourceTree = "<group>"; };
		40B30D0C26F39D0000167B54 /* ContentView.swift */ = {isa = PBXFileReference; lastKnownFileType = sourcecode.swift; path = ContentView.swift; sourceTree = "<group>"; };
		40B30D0E26F39D0300167B54 /* Assets.xcassets */ = {isa = PBXFileReference; lastKnownFileType = folder.assetcatalog; path = Assets.xcassets; sourceTree = "<group>"; };
		40B30D1126F39D0300167B54 /* Preview Assets.xcassets */ = {isa = PBXFileReference; lastKnownFileType = folder.assetcatalog; path = "Preview Assets.xcassets"; sourceTree = "<group>"; };
		40B30D1326F39D0300167B54 /* Info.plist */ = {isa = PBXFileReference; lastKnownFileType = text.plist.xml; path = Info.plist; sourceTree = "<group>"; };
		40B30D1926F3A06500167B54 /* CircleImage.swift */ = {isa = PBXFileReference; lastKnownFileType = sourcecode.swift; path = CircleImage.swift; sourceTree = "<group>"; };
		40B30D1B26F3A1B700167B54 /* MapView.swift */ = {isa = PBXFileReference; lastKnownFileType = sourcecode.swift; path = MapView.swift; sourceTree = "<group>"; };
		40BB15DB2700AEF700A714F4 /* CategoryHome.swift */ = {isa = PBXFileReference; lastKnownFileType = sourcecode.swift; path = CategoryHome.swift; sourceTree = "<group>"; };
		40BB15DD2700B2B500A714F4 /* CategoryRow.swift */ = {isa = PBXFileReference; lastKnownFileType = sourcecode.swift; path = CategoryRow.swift; sourceTree = "<group>"; };
		40BB15DF2700B4FF00A714F4 /* CategoryItem.swift */ = {isa = PBXFileReference; lastKnownFileType = sourcecode.swift; path = CategoryItem.swift; sourceTree = "<group>"; };
		40BB15E327032F6300A714F4 /* Profile.swift */ = {isa = PBXFileReference; lastKnownFileType = sourcecode.swift; path = Profile.swift; sourceTree = "<group>"; };
		40BB15E627032FCF00A714F4 /* ProfileHost.swift */ = {isa = PBXFileReference; lastKnownFileType = sourcecode.swift; path = ProfileHost.swift; sourceTree = "<group>"; };
		40BB15E82703307300A714F4 /* ProfileSummary.swift */ = {isa = PBXFileReference; lastKnownFileType = sourcecode.swift; path = ProfileSummary.swift; sourceTree = "<group>"; };
		40BB15EA2703319E00A714F4 /* HikeBadge.swift */ = {isa = PBXFileReference; lastKnownFileType = sourcecode.swift; path = HikeBadge.swift; sourceTree = "<group>"; };
		40BB15EC270337A400A714F4 /* ProfileEditor.swift */ = {isa = PBXFileReference; lastKnownFileType = sourcecode.swift; path = ProfileEditor.swift; sourceTree = "<group>"; };
		40E3AF7327088C9E007CE068 /* MacLandmarks.app */ = {isa = PBXFileReference; explicitFileType = wrapper.application; includeInIndex = 0; path = MacLandmarks.app; sourceTree = BUILT_PRODUCTS_DIR; };
		40E3AF7727088C9E007CE068 /* ContentView.swift */ = {isa = PBXFileReference; lastKnownFileType = sourcecode.swift; path = ContentView.swift; sourceTree = "<group>"; };
		40E3AF7927088C9F007CE068 /* Assets.xcassets */ = {isa = PBXFileReference; lastKnownFileType = folder.assetcatalog; path = Assets.xcassets; sourceTree = "<group>"; };
		40E3AF7C27088C9F007CE068 /* Preview Assets.xcassets */ = {isa = PBXFileReference; lastKnownFileType = folder.assetcatalog; path = "Preview Assets.xcassets"; sourceTree = "<group>"; };
		40E3AF7E27088C9F007CE068 /* MacLandmarks.entitlements */ = {isa = PBXFileReference; lastKnownFileType = text.plist.entitlements; path = MacLandmarks.entitlements; sourceTree = "<group>"; };
		40E3AF8F27088E5F007CE068 /* LandmarkDetail.swift */ = {isa = PBXFileReference; lastKnownFileType = sourcecode.swift; path = LandmarkDetail.swift; sourceTree = "<group>"; };
		40E3AF9127089372007CE068 /* LandmarkList.swift */ = {isa = PBXFileReference; lastKnownFileType = sourcecode.swift; path = LandmarkList.swift; sourceTree = "<group>"; };
		40E3AF932708A04B007CE068 /* LandmarkCommands.swift */ = {isa = PBXFileReference; lastKnownFileType = sourcecode.swift; path = LandmarkCommands.swift; sourceTree = "<group>"; };
		40E3AF962708A56A007CE068 /* LandmarkSettings.swift */ = {isa = PBXFileReference; lastKnownFileType = sourcecode.swift; path = LandmarkSettings.swift; sourceTree = "<group>"; };
		40E865702704AA9500323373 /* PageControl.swift */ = {isa = PBXFileReference; lastKnownFileType = sourcecode.swift; path = PageControl.swift; sourceTree = "<group>"; };
/* End PBXFileReference section */

/* Begin PBXFrameworksBuildPhase section */
		40410E9D27073D84002881DC /* Frameworks */ = {
			isa = PBXFrameworksBuildPhase;
			buildActionMask = 2147483647;
			files = (
			);
			runOnlyForDeploymentPostprocessing = 0;
		};
		40B30D0426F39D0000167B54 /* Frameworks */ = {
			isa = PBXFrameworksBuildPhase;
			buildActionMask = 2147483647;
			files = (
			);
			runOnlyForDeploymentPostprocessing = 0;
		};
		40E3AF7027088C9E007CE068 /* Frameworks */ = {
			isa = PBXFrameworksBuildPhase;
			buildActionMask = 2147483647;
			files = (
			);
			runOnlyForDeploymentPostprocessing = 0;
		};
/* End PBXFrameworksBuildPhase section */

/* Begin PBXGroup section */
		4027806126F4BE65009BF093 /* Views */ = {
			isa = PBXGroup;
			children = (
				40B30D0C26F39D0000167B54 /* ContentView.swift */,
				404FA80C27049B4900A2EBE7 /* PageView */,
				40BB15E527032FB800A714F4 /* Profiles */,
				40BB15DA2700AECB00A714F4 /* Categories */,
				40AD771D26FF0283000650DE /* Hikes */,
				4027806C26F4CE80009BF093 /* Landmarks */,
				4027806D26F4CE89009BF093 /* Helpers */,
				40A372C026F9EE7A0071FD23 /* Badge */,
			);
			path = Views;
			sourceTree = "<group>";
		};
		4027806226F4BE6B009BF093 /* Model */ = {
			isa = PBXGroup;
			children = (
				4027805D26F4BC1E009BF093 /* Landmark.swift */,
				4027805F26F4BD50009BF093 /* ModelData.swift */,
				40AD771B26FF01B9000650DE /* Hike.swift */,
				40BB15E327032F6300A714F4 /* Profile.swift */,
			);
			path = Model;
			sourceTree = "<group>";
		};
		4027806326F4BE6E009BF093 /* Resources */ = {
			isa = PBXGroup;
			children = (
				4027805B26F4BC01009BF093 /* landmarkData.json */,
				40AD771926FF016A000650DE /* hikeData.json */,
			);
			path = Resources;
			sourceTree = "<group>";
		};
		4027806C26F4CE80009BF093 /* Landmarks */ = {
			isa = PBXGroup;
			children = (
				4027806626F4C07C009BF093 /* LandmarkList.swift */,
				4027806426F4BED2009BF093 /* LandmarkRow.swift */,
				4027806826F4C1D0009BF093 /* LandmarkDetail.swift */,
			);
			path = Landmarks;
			sourceTree = "<group>";
		};
		4027806D26F4CE89009BF093 /* Helpers */ = {
			isa = PBXGroup;
			children = (
				4027806A26F4CDC9009BF093 /* FavoriteButton.swift */,
				40B30D1B26F3A1B700167B54 /* MapView.swift */,
				40B30D1926F3A06500167B54 /* CircleImage.swift */,
			);
			path = Helpers;
			sourceTree = "<group>";
		};
		40410E9927073D81002881DC /* WatchLandmarks */ = {
			isa = PBXGroup;
			children = (
				40410E9A27073D84002881DC /* Assets.xcassets */,
			);
			path = WatchLandmarks;
			sourceTree = "<group>";
		};
		40410EA427073D84002881DC /* WatchLandmarks WatchKit Extension */ = {
			isa = PBXGroup;
			children = (
				40410EA727073D84002881DC /* ContentView.swift */,
				40410ECD270740CA002881DC /* LandmarkDetail.swift */,
				40410EA927073D84002881DC /* NotificationController.swift */,
				40410EAB27073D84002881DC /* NotificationView.swift */,
				40410EAD27073D84002881DC /* ComplicationController.swift */,
				40E3AF9127089372007CE068 /* LandmarkList.swift */,
				40410EAF27073D86002881DC /* Assets.xcassets */,
				40410EB427073D86002881DC /* Info.plist */,
				40410EB527073D86002881DC /* PushNotificationPayload.apns */,
				40410EB127073D86002881DC /* Preview Content */,
			);
			path = "WatchLandmarks WatchKit Extension";
			sourceTree = "<group>";
		};
		40410EB127073D86002881DC /* Preview Content */ = {
			isa = PBXGroup;
			children = (
				40410EB227073D86002881DC /* Preview Assets.xcassets */,
			);
			path = "Preview Content";
			sourceTree = "<group>";
		};
		404FA80C27049B4900A2EBE7 /* PageView */ = {
			isa = PBXGroup;
			children = (
				404FA80D27049B7000A2EBE7 /* PageViewController.swift */,
				40E865702704AA9500323373 /* PageControl.swift */,
				404FA80F27049DC100A2EBE7 /* FeatureCard.swift */,
				404FA81127049F5900A2EBE7 /* PageView.swift */,
			);
			path = PageView;
			sourceTree = "<group>";
		};
		40A372C026F9EE7A0071FD23 /* Badge */ = {
			isa = PBXGroup;
			children = (
				40A372BE26F9ECB50071FD23 /* Badge.swift */,
				40A372B826F8B4170071FD23 /* BadgeBackground.swift */,
				40A372BA26F9E92D0071FD23 /* BadgeSymbol.swift */,
				40A372BC26F9EC240071FD23 /* RotatedBadgeSymbol.swift */,
				40A372B626F8B2BA0071FD23 /* HexagonParameters.swift */,
			);
			path = Badge;
			sourceTree = "<group>";
		};
		40AD771D26FF0283000650DE /* Hikes */ = {
			isa = PBXGroup;
			children = (
				40AD771E26FF0283000650DE /* GraphCapsule.swift */,
				40AD771F26FF0283000650DE /* HikeGraph.swift */,
				40AD772026FF0283000650DE /* HikeDetail.swift */,
				40AD772126FF0283000650DE /* HikeView.swift */,
				40BB15EA2703319E00A714F4 /* HikeBadge.swift */,
			);
			path = Hikes;
			sourceTree = "<group>";
		};
		40B30CFE26F39D0000167B54 = {
			isa = PBXGroup;
			children = (
				40B30D0926F39D0000167B54 /* Landmarks */,
				40410E9927073D81002881DC /* WatchLandmarks */,
				40410EA427073D84002881DC /* WatchLandmarks WatchKit Extension */,
				40E3AF7427088C9E007CE068 /* MacLandmarks */,
				40B30D0826F39D0000167B54 /* Products */,
			);
			sourceTree = "<group>";
		};
		40B30D0826F39D0000167B54 /* Products */ = {
			isa = PBXGroup;
			children = (
				40B30D0726F39D0000167B54 /* Landmarks.app */,
				40410E9827073D81002881DC /* WatchLandmarks.app */,
				40410EA027073D84002881DC /* WatchLandmarks WatchKit Extension.appex */,
				40E3AF7327088C9E007CE068 /* MacLandmarks.app */,
			);
			name = Products;
			sourceTree = "<group>";
		};
		40B30D0926F39D0000167B54 /* Landmarks */ = {
			isa = PBXGroup;
			children = (
				40B30D0A26F39D0000167B54 /* LandmarksApp.swift */,
				4027806126F4BE65009BF093 /* Views */,
				4027806226F4BE6B009BF093 /* Model */,
				4027806326F4BE6E009BF093 /* Resources */,
				40B30D0E26F39D0300167B54 /* Assets.xcassets */,
				40B30D1326F39D0300167B54 /* Info.plist */,
				40B30D1026F39D0300167B54 /* Preview Content */,
			);
			path = Landmarks;
			sourceTree = "<group>";
		};
		40B30D1026F39D0300167B54 /* Preview Content */ = {
			isa = PBXGroup;
			children = (
				40B30D1126F39D0300167B54 /* Preview Assets.xcassets */,
			);
			path = "Preview Content";
			sourceTree = "<group>";
		};
		40BB15DA2700AECB00A714F4 /* Categories */ = {
			isa = PBXGroup;
			children = (
				40BB15DB2700AEF700A714F4 /* CategoryHome.swift */,
				40BB15DD2700B2B500A714F4 /* CategoryRow.swift */,
				40BB15DF2700B4FF00A714F4 /* CategoryItem.swift */,
			);
			path = Categories;
			sourceTree = "<group>";
		};
		40BB15E527032FB800A714F4 /* Profiles */ = {
			isa = PBXGroup;
			children = (
				40BB15E627032FCF00A714F4 /* ProfileHost.swift */,
				40BB15EC270337A400A714F4 /* ProfileEditor.swift */,
				40BB15E82703307300A714F4 /* ProfileSummary.swift */,
			);
			path = Profiles;
			sourceTree = "<group>";
		};
		40E3AF7427088C9E007CE068 /* MacLandmarks */ = {
			isa = PBXGroup;
			children = (
				40E3AF7727088C9E007CE068 /* ContentView.swift */,
				40E3AF962708A56A007CE068 /* LandmarkSettings.swift */,
				40E3AF932708A04B007CE068 /* LandmarkCommands.swift */,
				40E3AF8F27088E5F007CE068 /* LandmarkDetail.swift */,
				40E3AF7927088C9F007CE068 /* Assets.xcassets */,
				40E3AF7E27088C9F007CE068 /* MacLandmarks.entitlements */,
				40E3AF7B27088C9F007CE068 /* Preview Content */,
			);
			path = MacLandmarks;
			sourceTree = "<group>";
		};
		40E3AF7B27088C9F007CE068 /* Preview Content */ = {
			isa = PBXGroup;
			children = (
				40E3AF7C27088C9F007CE068 /* Preview Assets.xcassets */,
			);
			path = "Preview Content";
			sourceTree = "<group>";
		};
/* End PBXGroup section */

/* Begin PBXNativeTarget section */
		40410E9727073D81002881DC /* WatchLandmarks */ = {
			isa = PBXNativeTarget;
			buildConfigurationList = 40410EC027073D86002881DC /* Build configuration list for PBXNativeTarget "WatchLandmarks" */;
			buildPhases = (
				40410E9627073D81002881DC /* Resources */,
				40410EBC27073D86002881DC /* Embed App Extensions */,
			);
			buildRules = (
			);
			dependencies = (
				40410EA327073D84002881DC /* PBXTargetDependency */,
			);
			name = WatchLandmarks;
			productName = WatchLandmarks;
			productReference = 40410E9827073D81002881DC /* WatchLandmarks.app */;
			productType = "com.apple.product-type.application.watchapp2";
		};
		40410E9F27073D84002881DC /* WatchLandmarks WatchKit Extension */ = {
			isa = PBXNativeTarget;
			buildConfigurationList = 40410EBF27073D86002881DC /* Build configuration list for PBXNativeTarget "WatchLandmarks WatchKit Extension" */;
			buildPhases = (
				40410E9C27073D84002881DC /* Sources */,
				40410E9D27073D84002881DC /* Frameworks */,
				40410E9E27073D84002881DC /* Resources */,
			);
			buildRules = (
			);
			dependencies = (
			);
			name = "WatchLandmarks WatchKit Extension";
			productName = "WatchLandmarks WatchKit Extension";
			productReference = 40410EA027073D84002881DC /* WatchLandmarks WatchKit Extension.appex */;
			productType = "com.apple.product-type.watchkit2-extension";
		};
		40B30D0626F39D0000167B54 /* Landmarks */ = {
			isa = PBXNativeTarget;
			buildConfigurationList = 40B30D1626F39D0300167B54 /* Build configuration list for PBXNativeTarget "Landmarks" */;
			buildPhases = (
				40B30D0326F39D0000167B54 /* Sources */,
				40B30D0426F39D0000167B54 /* Frameworks */,
				40B30D0526F39D0000167B54 /* Resources */,
				40410EB927073D86002881DC /* Embed Watch Content */,
			);
			buildRules = (
			);
			dependencies = (
				40410EB727073D86002881DC /* PBXTargetDependency */,
			);
			name = Landmarks;
			productName = Landmarks;
			productReference = 40B30D0726F39D0000167B54 /* Landmarks.app */;
			productType = "com.apple.product-type.application";
		};
		40E3AF7227088C9E007CE068 /* MacLandmarks */ = {
			isa = PBXNativeTarget;
			buildConfigurationList = 40E3AF8127088C9F007CE068 /* Build configuration list for PBXNativeTarget "MacLandmarks" */;
			buildPhases = (
				40E3AF6F27088C9E007CE068 /* Sources */,
				40E3AF7027088C9E007CE068 /* Frameworks */,
				40E3AF7127088C9E007CE068 /* Resources */,
			);
			buildRules = (
			);
			dependencies = (
			);
			name = MacLandmarks;
			productName = MacLandmarks;
			productReference = 40E3AF7327088C9E007CE068 /* MacLandmarks.app */;
			productType = "com.apple.product-type.application";
		};
/* End PBXNativeTarget section */

/* Begin PBXProject section */
		40B30CFF26F39D0000167B54 /* Project object */ = {
			isa = PBXProject;
			attributes = {
				LastSwiftUpdateCheck = 1300;
				LastUpgradeCheck = 1250;
				TargetAttributes = {
					40410E9727073D81002881DC = {
						CreatedOnToolsVersion = 13.0;
					};
					40410E9F27073D84002881DC = {
						CreatedOnToolsVersion = 13.0;
					};
					40B30D0626F39D0000167B54 = {
						CreatedOnToolsVersion = 12.5.1;
					};
					40E3AF7227088C9E007CE068 = {
						CreatedOnToolsVersion = 13.0;
					};
				};
			};
			buildConfigurationList = 40B30D0226F39D0000167B54 /* Build configuration list for PBXProject "Landmarks" */;
			compatibilityVersion = "Xcode 9.3";
			developmentRegion = en;
			hasScannedForEncodings = 0;
			knownRegions = (
				en,
				Base,
			);
			mainGroup = 40B30CFE26F39D0000167B54;
			productRefGroup = 40B30D0826F39D0000167B54 /* Products */;
			projectDirPath = "";
			projectRoot = "";
			targets = (
				40B30D0626F39D0000167B54 /* Landmarks */,
				40410E9727073D81002881DC /* WatchLandmarks */,
				40410E9F27073D84002881DC /* WatchLandmarks WatchKit Extension */,
				40E3AF7227088C9E007CE068 /* MacLandmarks */,
			);
		};
/* End PBXProject section */

/* Begin PBXResourcesBuildPhase section */
		40410E9627073D81002881DC /* Resources */ = {
			isa = PBXResourcesBuildPhase;
			buildActionMask = 2147483647;
			files = (
				40410E9B27073D84002881DC /* Assets.xcassets in Resources */,
			);
			runOnlyForDeploymentPostprocessing = 0;
		};
		40410E9E27073D84002881DC /* Resources */ = {
			isa = PBXResourcesBuildPhase;
			buildActionMask = 2147483647;
			files = (
				40410EC827074037002881DC /* hikeData.json in Resources */,
				40410EB327073D86002881DC /* Preview Assets.xcassets in Resources */,
				40410EB027073D86002881DC /* Assets.xcassets in Resources */,
				40410EC627074037002881DC /* landmarkData.json in Resources */,
				40410ECA27074037002881DC /* Assets.xcassets in Resources */,
			);
			runOnlyForDeploymentPostprocessing = 0;
		};
		40B30D0526F39D0000167B54 /* Resources */ = {
			isa = PBXResourcesBuildPhase;
			buildActionMask = 2147483647;
			files = (
				40AD771A26FF016A000650DE /* hikeData.json in Resources */,
				40B30D1226F39D0300167B54 /* Preview Assets.xcassets in Resources */,
				40B30D0F26F39D0300167B54 /* Assets.xcassets in Resources */,
				4027805C26F4BC01009BF093 /* landmarkData.json in Resources */,
			);
			runOnlyForDeploymentPostprocessing = 0;
		};
		40E3AF7127088C9E007CE068 /* Resources */ = {
			isa = PBXResourcesBuildPhase;
			buildActionMask = 2147483647;
			files = (
				40E3AF7D27088C9F007CE068 /* Preview Assets.xcassets in Resources */,
				40E3AF8527088D77007CE068 /* landmarkData.json in Resources */,
				40E3AF8427088D77007CE068 /* hikeData.json in Resources */,
				40E3AF7A27088C9F007CE068 /* Assets.xcassets in Resources */,
				40E3AF8A27088D77007CE068 /* Assets.xcassets in Resources */,
			);
			runOnlyForDeploymentPostprocessing = 0;
		};
/* End PBXResourcesBuildPhase section */

/* Begin PBXSourcesBuildPhase section */
		40410E9C27073D84002881DC /* Sources */ = {
			isa = PBXSourcesBuildPhase;
			buildActionMask = 2147483647;
			files = (
				40410EAA27073D84002881DC /* NotificationController.swift in Sources */,
				40410ECB27074037002881DC /* Profile.swift in Sources */,
				40410EA827073D84002881DC /* ContentView.swift in Sources */,
				40410EC527074037002881DC /* ModelData.swift in Sources */,
				40E3AF9227089372007CE068 /* LandmarkList.swift in Sources */,
				40410EC127074037002881DC /* MapView.swift in Sources */,
				40410ECE270740CA002881DC /* LandmarkDetail.swift in Sources */,
				40410EC927074037002881DC /* Hike.swift in Sources */,
				40410EC427074037002881DC /* LandmarksApp.swift in Sources */,
				40410EAE27073D84002881DC /* ComplicationController.swift in Sources */,
				40410EAC27073D84002881DC /* NotificationView.swift in Sources */,
				40410EC327074037002881DC /* LandmarkRow.swift in Sources */,
				40410EC227074037002881DC /* CircleImage.swift in Sources */,
				40410EC727074037002881DC /* Landmark.swift in Sources */,
			);
			runOnlyForDeploymentPostprocessing = 0;
		};
		40B30D0326F39D0000167B54 /* Sources */ = {
			isa = PBXSourcesBuildPhase;
			buildActionMask = 2147483647;
			files = (
				40BB15DE2700B2B500A714F4 /* CategoryRow.swift in Sources */,
				40BB15E427032F6300A714F4 /* Profile.swift in Sources */,
				40E3AF942708A04B007CE068 /* LandmarkCommands.swift in Sources */,
				40B30D0D26F39D0000167B54 /* ContentView.swift in Sources */,
				40BB15DC2700AEF700A714F4 /* CategoryHome.swift in Sources */,
				404FA81027049DC100A2EBE7 /* FeatureCard.swift in Sources */,
				40AD772326FF0283000650DE /* HikeGraph.swift in Sources */,
				40A372BF26F9ECB50071FD23 /* Badge.swift in Sources */,
				40B30D1C26F3A1B700167B54 /* MapView.swift in Sources */,
				40AD772226FF0283000650DE /* GraphCapsule.swift in Sources */,
				40B30D0B26F39D0000167B54 /* LandmarksApp.swift in Sources */,
				40E865712704AA9500323373 /* PageControl.swift in Sources */,
				4027806B26F4CDC9009BF093 /* FavoriteButton.swift in Sources */,
				40BB15E02700B4FF00A714F4 /* CategoryItem.swift in Sources */,
				40AD772426FF0283000650DE /* HikeDetail.swift in Sources */,
				40BB15E92703307300A714F4 /* ProfileSummary.swift in Sources */,
				40A372B726F8B2BA0071FD23 /* HexagonParameters.swift in Sources */,
				40BB15E727032FCF00A714F4 /* ProfileHost.swift in Sources */,
				40AD771C26FF01B9000650DE /* Hike.swift in Sources */,
				40A372BD26F9EC240071FD23 /* RotatedBadgeSymbol.swift in Sources */,
				404FA81227049F5900A2EBE7 /* PageView.swift in Sources */,
				40A372BB26F9E92D0071FD23 /* BadgeSymbol.swift in Sources */,
				40BB15ED270337A400A714F4 /* ProfileEditor.swift in Sources */,
				4027806726F4C07C009BF093 /* LandmarkList.swift in Sources */,
				40AD772526FF0283000650DE /* HikeView.swift in Sources */,
				4027806926F4C1D0009BF093 /* LandmarkDetail.swift in Sources */,
				404FA80E27049B7000A2EBE7 /* PageViewController.swift in Sources */,
				40A372B926F8B4170071FD23 /* BadgeBackground.swift in Sources */,
				40BB15EB2703319E00A714F4 /* HikeBadge.swift in Sources */,
				40B30D1A26F3A06500167B54 /* CircleImage.swift in Sources */,
				4027805E26F4BC1E009BF093 /* Landmark.swift in Sources */,
				4027806526F4BED2009BF093 /* LandmarkRow.swift in Sources */,
				4027806026F4BD50009BF093 /* ModelData.swift in Sources */,
			);
			runOnlyForDeploymentPostprocessing = 0;
		};
		40E3AF6F27088C9E007CE068 /* Sources */ = {
			isa = PBXSourcesBuildPhase;
			buildActionMask = 2147483647;
			files = (
				40E3AF8227088D77007CE068 /* Hike.swift in Sources */,
				40E3AF8E27088D77007CE068 /* LandmarkList.swift in Sources */,
				40E3AF972708A56A007CE068 /* LandmarkSettings.swift in Sources */,
				40E3AF8B27088D77007CE068 /* Profile.swift in Sources */,
				40E3AF8C27088D77007CE068 /* ModelData.swift in Sources */,
				40E3AF952708A04B007CE068 /* LandmarkCommands.swift in Sources */,
				40E3AF9027088E5F007CE068 /* LandmarkDetail.swift in Sources */,
				40E3AF8827088D77007CE068 /* LandmarksApp.swift in Sources */,
				40E3AF7827088C9E007CE068 /* ContentView.swift in Sources */,
				40E3AF8327088D77007CE068 /* CircleImage.swift in Sources */,
				40E3AF8727088D77007CE068 /* FavoriteButton.swift in Sources */,
				40E3AF8D27088D77007CE068 /* MapView.swift in Sources */,
				40E3AF8927088D77007CE068 /* LandmarkRow.swift in Sources */,
				40E3AF8627088D77007CE068 /* Landmark.swift in Sources */,
			);
			runOnlyForDeploymentPostprocessing = 0;
		};
/* End PBXSourcesBuildPhase section */

/* Begin PBXTargetDependency section */
		40410EA327073D84002881DC /* PBXTargetDependency */ = {
			isa = PBXTargetDependency;
			target = 40410E9F27073D84002881DC /* WatchLandmarks WatchKit Extension */;
			targetProxy = 40410EA227073D84002881DC /* PBXContainerItemProxy */;
		};
		40410EB727073D86002881DC /* PBXTargetDependency */ = {
			isa = PBXTargetDependency;
			target = 40410E9727073D81002881DC /* WatchLandmarks */;
			targetProxy = 40410EB627073D86002881DC /* PBXContainerItemProxy */;
		};
/* End PBXTargetDependency section */

/* Begin XCBuildConfiguration section */
		40410EBA27073D86002881DC /* Debug */ = {
			isa = XCBuildConfiguration;
			buildSettings = {
				ALWAYS_EMBED_SWIFT_STANDARD_LIBRARIES = YES;
				ASSETCATALOG_COMPILER_APPICON_NAME = AppIcon;
				ASSETCATALOG_COMPILER_GLOBAL_ACCENT_COLOR_NAME = AccentColor;
				CLANG_CXX_LANGUAGE_STANDARD = "gnu++17";
				CODE_SIGN_STYLE = Automatic;
				CURRENT_PROJECT_VERSION = 1;
				GENERATE_INFOPLIST_FILE = YES;
				IBSC_MODULE = WatchLandmarks_WatchKit_Extension;
				INFOPLIST_KEY_CFBundleDisplayName = WatchLandmarks;
				INFOPLIST_KEY_UISupportedInterfaceOrientations = "UIInterfaceOrientationPortrait UIInterfaceOrientationPortraitUpsideDown";
				INFOPLIST_KEY_WKCompanionAppBundleIdentifier = com.sweethoneybee.Landmarks;
				MARKETING_VERSION = 1.0;
				PRODUCT_BUNDLE_IDENTIFIER = com.sweethoneybee.Landmarks.watchkitapp;
				PRODUCT_NAME = "$(TARGET_NAME)";
				SDKROOT = watchos;
				SKIP_INSTALL = YES;
				SWIFT_EMIT_LOC_STRINGS = YES;
				SWIFT_VERSION = 5.0;
				TARGETED_DEVICE_FAMILY = 4;
				WATCHOS_DEPLOYMENT_TARGET = 8.0;
			};
			name = Debug;
		};
		40410EBB27073D86002881DC /* Release */ = {
			isa = XCBuildConfiguration;
			buildSettings = {
				ALWAYS_EMBED_SWIFT_STANDARD_LIBRARIES = YES;
				ASSETCATALOG_COMPILER_APPICON_NAME = AppIcon;
				ASSETCATALOG_COMPILER_GLOBAL_ACCENT_COLOR_NAME = AccentColor;
				CLANG_CXX_LANGUAGE_STANDARD = "gnu++17";
				CODE_SIGN_STYLE = Automatic;
				CURRENT_PROJECT_VERSION = 1;
				GENERATE_INFOPLIST_FILE = YES;
				IBSC_MODULE = WatchLandmarks_WatchKit_Extension;
				INFOPLIST_KEY_CFBundleDisplayName = WatchLandmarks;
				INFOPLIST_KEY_UISupportedInterfaceOrientations = "UIInterfaceOrientationPortrait UIInterfaceOrientationPortraitUpsideDown";
				INFOPLIST_KEY_WKCompanionAppBundleIdentifier = com.sweethoneybee.Landmarks;
				MARKETING_VERSION = 1.0;
				PRODUCT_BUNDLE_IDENTIFIER = com.sweethoneybee.Landmarks.watchkitapp;
				PRODUCT_NAME = "$(TARGET_NAME)";
				SDKROOT = watchos;
				SKIP_INSTALL = YES;
				SWIFT_EMIT_LOC_STRINGS = YES;
				SWIFT_VERSION = 5.0;
				TARGETED_DEVICE_FAMILY = 4;
				WATCHOS_DEPLOYMENT_TARGET = 8.0;
			};
			name = Release;
		};
		40410EBD27073D86002881DC /* Debug */ = {
			isa = XCBuildConfiguration;
			buildSettings = {
				ASSETCATALOG_COMPILER_COMPLICATION_NAME = Complication;
				CLANG_CXX_LANGUAGE_STANDARD = "gnu++17";
				CODE_SIGN_STYLE = Automatic;
				CURRENT_PROJECT_VERSION = 1;
				DEVELOPMENT_ASSET_PATHS = "\"WatchLandmarks WatchKit Extension/Preview Content\"";
				ENABLE_PREVIEWS = YES;
				GENERATE_INFOPLIST_FILE = YES;
				INFOPLIST_FILE = "WatchLandmarks WatchKit Extension/Info.plist";
				INFOPLIST_KEY_CFBundleDisplayName = "WatchLandmarks WatchKit Extension";
				INFOPLIST_KEY_CLKComplicationPrincipalClass = WatchLandmarks_WatchKit_Extension.ComplicationController;
				INFOPLIST_KEY_NSHumanReadableCopyright = "";
				INFOPLIST_KEY_WKRunsIndependentlyOfCompanionApp = YES;
				LD_RUNPATH_SEARCH_PATHS = (
					"$(inherited)",
					"@executable_path/Frameworks",
					"@executable_path/../../Frameworks",
				);
				MARKETING_VERSION = 1.0;
				PRODUCT_BUNDLE_IDENTIFIER = com.sweethoneybee.Landmarks.watchkitapp.watchkitextension;
				PRODUCT_NAME = "${TARGET_NAME}";
				SDKROOT = watchos;
				SKIP_INSTALL = YES;
				SWIFT_EMIT_LOC_STRINGS = YES;
				SWIFT_VERSION = 5.0;
				TARGETED_DEVICE_FAMILY = 4;
				WATCHOS_DEPLOYMENT_TARGET = 8.0;
			};
			name = Debug;
		};
		40410EBE27073D86002881DC /* Release */ = {
			isa = XCBuildConfiguration;
			buildSettings = {
				ASSETCATALOG_COMPILER_COMPLICATION_NAME = Complication;
				CLANG_CXX_LANGUAGE_STANDARD = "gnu++17";
				CODE_SIGN_STYLE = Automatic;
				CURRENT_PROJECT_VERSION = 1;
				DEVELOPMENT_ASSET_PATHS = "\"WatchLandmarks WatchKit Extension/Preview Content\"";
				ENABLE_PREVIEWS = YES;
				GENERATE_INFOPLIST_FILE = YES;
				INFOPLIST_FILE = "WatchLandmarks WatchKit Extension/Info.plist";
				INFOPLIST_KEY_CFBundleDisplayName = "WatchLandmarks WatchKit Extension";
				INFOPLIST_KEY_CLKComplicationPrincipalClass = WatchLandmarks_WatchKit_Extension.ComplicationController;
				INFOPLIST_KEY_NSHumanReadableCopyright = "";
				INFOPLIST_KEY_WKRunsIndependentlyOfCompanionApp = YES;
				LD_RUNPATH_SEARCH_PATHS = (
					"$(inherited)",
					"@executable_path/Frameworks",
					"@executable_path/../../Frameworks",
				);
				MARKETING_VERSION = 1.0;
				PRODUCT_BUNDLE_IDENTIFIER = com.sweethoneybee.Landmarks.watchkitapp.watchkitextension;
				PRODUCT_NAME = "${TARGET_NAME}";
				SDKROOT = watchos;
				SKIP_INSTALL = YES;
				SWIFT_EMIT_LOC_STRINGS = YES;
				SWIFT_VERSION = 5.0;
				TARGETED_DEVICE_FAMILY = 4;
				WATCHOS_DEPLOYMENT_TARGET = 8.0;
			};
			name = Release;
		};
		40B30D1426F39D0300167B54 /* Debug */ = {
			isa = XCBuildConfiguration;
			buildSettings = {
				ALWAYS_SEARCH_USER_PATHS = NO;
				CLANG_ANALYZER_NONNULL = YES;
				CLANG_ANALYZER_NUMBER_OBJECT_CONVERSION = YES_AGGRESSIVE;
				CLANG_CXX_LANGUAGE_STANDARD = "gnu++14";
				CLANG_CXX_LIBRARY = "libc++";
				CLANG_ENABLE_MODULES = YES;
				CLANG_ENABLE_OBJC_ARC = YES;
				CLANG_ENABLE_OBJC_WEAK = YES;
				CLANG_WARN_BLOCK_CAPTURE_AUTORELEASING = YES;
				CLANG_WARN_BOOL_CONVERSION = YES;
				CLANG_WARN_COMMA = YES;
				CLANG_WARN_CONSTANT_CONVERSION = YES;
				CLANG_WARN_DEPRECATED_OBJC_IMPLEMENTATIONS = YES;
				CLANG_WARN_DIRECT_OBJC_ISA_USAGE = YES_ERROR;
				CLANG_WARN_DOCUMENTATION_COMMENTS = YES;
				CLANG_WARN_EMPTY_BODY = YES;
				CLANG_WARN_ENUM_CONVERSION = YES;
				CLANG_WARN_INFINITE_RECURSION = YES;
				CLANG_WARN_INT_CONVERSION = YES;
				CLANG_WARN_NON_LITERAL_NULL_CONVERSION = YES;
				CLANG_WARN_OBJC_IMPLICIT_RETAIN_SELF = YES;
				CLANG_WARN_OBJC_LITERAL_CONVERSION = YES;
				CLANG_WARN_OBJC_ROOT_CLASS = YES_ERROR;
				CLANG_WARN_QUOTED_INCLUDE_IN_FRAMEWORK_HEADER = YES;
				CLANG_WARN_RANGE_LOOP_ANALYSIS = YES;
				CLANG_WARN_STRICT_PROTOTYPES = YES;
				CLANG_WARN_SUSPICIOUS_MOVE = YES;
				CLANG_WARN_UNGUARDED_AVAILABILITY = YES_AGGRESSIVE;
				CLANG_WARN_UNREACHABLE_CODE = YES;
				CLANG_WARN__DUPLICATE_METHOD_MATCH = YES;
				COPY_PHASE_STRIP = NO;
				DEBUG_INFORMATION_FORMAT = dwarf;
				ENABLE_STRICT_OBJC_MSGSEND = YES;
				ENABLE_TESTABILITY = YES;
				GCC_C_LANGUAGE_STANDARD = gnu11;
				GCC_DYNAMIC_NO_PIC = NO;
				GCC_NO_COMMON_BLOCKS = YES;
				GCC_OPTIMIZATION_LEVEL = 0;
				GCC_PREPROCESSOR_DEFINITIONS = (
					"DEBUG=1",
					"$(inherited)",
				);
				GCC_WARN_64_TO_32_BIT_CONVERSION = YES;
				GCC_WARN_ABOUT_RETURN_TYPE = YES_ERROR;
				GCC_WARN_UNDECLARED_SELECTOR = YES;
				GCC_WARN_UNINITIALIZED_AUTOS = YES_AGGRESSIVE;
				GCC_WARN_UNUSED_FUNCTION = YES;
				GCC_WARN_UNUSED_VARIABLE = YES;
				IPHONEOS_DEPLOYMENT_TARGET = 14.5;
				MTL_ENABLE_DEBUG_INFO = INCLUDE_SOURCE;
				MTL_FAST_MATH = YES;
				ONLY_ACTIVE_ARCH = YES;
				SDKROOT = iphoneos;
				SWIFT_ACTIVE_COMPILATION_CONDITIONS = DEBUG;
				SWIFT_OPTIMIZATION_LEVEL = "-Onone";
			};
			name = Debug;
		};
		40B30D1526F39D0300167B54 /* Release */ = {
			isa = XCBuildConfiguration;
			buildSettings = {
				ALWAYS_SEARCH_USER_PATHS = NO;
				CLANG_ANALYZER_NONNULL = YES;
				CLANG_ANALYZER_NUMBER_OBJECT_CONVERSION = YES_AGGRESSIVE;
				CLANG_CXX_LANGUAGE_STANDARD = "gnu++14";
				CLANG_CXX_LIBRARY = "libc++";
				CLANG_ENABLE_MODULES = YES;
				CLANG_ENABLE_OBJC_ARC = YES;
				CLANG_ENABLE_OBJC_WEAK = YES;
				CLANG_WARN_BLOCK_CAPTURE_AUTORELEASING = YES;
				CLANG_WARN_BOOL_CONVERSION = YES;
				CLANG_WARN_COMMA = YES;
				CLANG_WARN_CONSTANT_CONVERSION = YES;
				CLANG_WARN_DEPRECATED_OBJC_IMPLEMENTATIONS = YES;
				CLANG_WARN_DIRECT_OBJC_ISA_USAGE = YES_ERROR;
				CLANG_WARN_DOCUMENTATION_COMMENTS = YES;
				CLANG_WARN_EMPTY_BODY = YES;
				CLANG_WARN_ENUM_CONVERSION = YES;
				CLANG_WARN_INFINITE_RECURSION = YES;
				CLANG_WARN_INT_CONVERSION = YES;
				CLANG_WARN_NON_LITERAL_NULL_CONVERSION = YES;
				CLANG_WARN_OBJC_IMPLICIT_RETAIN_SELF = YES;
				CLANG_WARN_OBJC_LITERAL_CONVERSION = YES;
				CLANG_WARN_OBJC_ROOT_CLASS = YES_ERROR;
				CLANG_WARN_QUOTED_INCLUDE_IN_FRAMEWORK_HEADER = YES;
				CLANG_WARN_RANGE_LOOP_ANALYSIS = YES;
				CLANG_WARN_STRICT_PROTOTYPES = YES;
				CLANG_WARN_SUSPICIOUS_MOVE = YES;
				CLANG_WARN_UNGUARDED_AVAILABILITY = YES_AGGRESSIVE;
				CLANG_WARN_UNREACHABLE_CODE = YES;
				CLANG_WARN__DUPLICATE_METHOD_MATCH = YES;
				COPY_PHASE_STRIP = NO;
				DEBUG_INFORMATION_FORMAT = "dwarf-with-dsym";
				ENABLE_NS_ASSERTIONS = NO;
				ENABLE_STRICT_OBJC_MSGSEND = YES;
				GCC_C_LANGUAGE_STANDARD = gnu11;
				GCC_NO_COMMON_BLOCKS = YES;
				GCC_WARN_64_TO_32_BIT_CONVERSION = YES;
				GCC_WARN_ABOUT_RETURN_TYPE = YES_ERROR;
				GCC_WARN_UNDECLARED_SELECTOR = YES;
				GCC_WARN_UNINITIALIZED_AUTOS = YES_AGGRESSIVE;
				GCC_WARN_UNUSED_FUNCTION = YES;
				GCC_WARN_UNUSED_VARIABLE = YES;
				IPHONEOS_DEPLOYMENT_TARGET = 14.5;
				MTL_ENABLE_DEBUG_INFO = NO;
				MTL_FAST_MATH = YES;
				SDKROOT = iphoneos;
				SWIFT_COMPILATION_MODE = wholemodule;
				SWIFT_OPTIMIZATION_LEVEL = "-O";
				VALIDATE_PRODUCT = YES;
			};
			name = Release;
		};
		40B30D1726F39D0300167B54 /* Debug */ = {
			isa = XCBuildConfiguration;
			buildSettings = {
				ASSETCATALOG_COMPILER_APPICON_NAME = AppIcon;
				ASSETCATALOG_COMPILER_GLOBAL_ACCENT_COLOR_NAME = AccentColor;
				CODE_SIGN_STYLE = Automatic;
				DEVELOPMENT_ASSET_PATHS = "\"Landmarks/Preview Content\"";
				ENABLE_PREVIEWS = YES;
				INFOPLIST_FILE = Landmarks/Info.plist;
				IPHONEOS_DEPLOYMENT_TARGET = 14.0;
				LD_RUNPATH_SEARCH_PATHS = (
					"$(inherited)",
					"@executable_path/Frameworks",
				);
				PRODUCT_BUNDLE_IDENTIFIER = com.sweethoneybee.Landmarks;
				PRODUCT_NAME = "$(TARGET_NAME)";
				SWIFT_VERSION = 5.0;
				TARGETED_DEVICE_FAMILY = "1,2";
			};
			name = Debug;
		};
		40B30D1826F39D0300167B54 /* Release */ = {
			isa = XCBuildConfiguration;
			buildSettings = {
				ASSETCATALOG_COMPILER_APPICON_NAME = AppIcon;
				ASSETCATALOG_COMPILER_GLOBAL_ACCENT_COLOR_NAME = AccentColor;
				CODE_SIGN_STYLE = Automatic;
				DEVELOPMENT_ASSET_PATHS = "\"Landmarks/Preview Content\"";
				ENABLE_PREVIEWS = YES;
				INFOPLIST_FILE = Landmarks/Info.plist;
				IPHONEOS_DEPLOYMENT_TARGET = 14.0;
				LD_RUNPATH_SEARCH_PATHS = (
					"$(inherited)",
					"@executable_path/Frameworks",
				);
				PRODUCT_BUNDLE_IDENTIFIER = com.sweethoneybee.Landmarks;
				PRODUCT_NAME = "$(TARGET_NAME)";
				SWIFT_VERSION = 5.0;
				TARGETED_DEVICE_FAMILY = "1,2";
			};
			name = Release;
		};
		40E3AF7F27088C9F007CE068 /* Debug */ = {
			isa = XCBuildConfiguration;
			buildSettings = {
				ASSETCATALOG_COMPILER_APPICON_NAME = AppIcon;
				ASSETCATALOG_COMPILER_GLOBAL_ACCENT_COLOR_NAME = AccentColor;
				CLANG_CXX_LANGUAGE_STANDARD = "gnu++17";
				CODE_SIGN_ENTITLEMENTS = MacLandmarks/MacLandmarks.entitlements;
				CODE_SIGN_STYLE = Automatic;
				COMBINE_HIDPI_IMAGES = YES;
				CURRENT_PROJECT_VERSION = 1;
				DEVELOPMENT_ASSET_PATHS = "\"MacLandmarks/Preview Content\"";
				ENABLE_PREVIEWS = YES;
				GENERATE_INFOPLIST_FILE = YES;
				INFOPLIST_KEY_NSHumanReadableCopyright = "";
				LD_RUNPATH_SEARCH_PATHS = (
					"$(inherited)",
					"@executable_path/../Frameworks",
				);
				MACOSX_DEPLOYMENT_TARGET = 11.3;
				MARKETING_VERSION = 1.0;
				PRODUCT_BUNDLE_IDENTIFIER = com.sweethoneybee.MacLandmarks;
				PRODUCT_NAME = "$(TARGET_NAME)";
				SDKROOT = macosx;
				SWIFT_EMIT_LOC_STRINGS = YES;
				SWIFT_VERSION = 5.0;
			};
			name = Debug;
		};
		40E3AF8027088C9F007CE068 /* Release */ = {
			isa = XCBuildConfiguration;
			buildSettings = {
				ASSETCATALOG_COMPILER_APPICON_NAME = AppIcon;
				ASSETCATALOG_COMPILER_GLOBAL_ACCENT_COLOR_NAME = AccentColor;
				CLANG_CXX_LANGUAGE_STANDARD = "gnu++17";
				CODE_SIGN_ENTITLEMENTS = MacLandmarks/MacLandmarks.entitlements;
				CODE_SIGN_STYLE = Automatic;
				COMBINE_HIDPI_IMAGES = YES;
				CURRENT_PROJECT_VERSION = 1;
				DEVELOPMENT_ASSET_PATHS = "\"MacLandmarks/Preview Content\"";
				ENABLE_PREVIEWS = YES;
				GENERATE_INFOPLIST_FILE = YES;
				INFOPLIST_KEY_NSHumanReadableCopyright = "";
				LD_RUNPATH_SEARCH_PATHS = (
					"$(inherited)",
					"@executable_path/../Frameworks",
				);
				MACOSX_DEPLOYMENT_TARGET = 11.3;
				MARKETING_VERSION = 1.0;
				PRODUCT_BUNDLE_IDENTIFIER = com.sweethoneybee.MacLandmarks;
				PRODUCT_NAME = "$(TARGET_NAME)";
				SDKROOT = macosx;
				SWIFT_EMIT_LOC_STRINGS = YES;
				SWIFT_VERSION = 5.0;
			};
			name = Release;
		};
/* End XCBuildConfiguration section */

/* Begin XCConfigurationList section */
		40410EBF27073D86002881DC /* Build configuration list for PBXNativeTarget "WatchLandmarks WatchKit Extension" */ = {
			isa = XCConfigurationList;
			buildConfigurations = (
				40410EBD27073D86002881DC /* Debug */,
				40410EBE27073D86002881DC /* Release */,
			);
			defaultConfigurationIsVisible = 0;
			defaultConfigurationName = Release;
		};
		40410EC027073D86002881DC /* Build configuration list for PBXNativeTarget "WatchLandmarks" */ = {
			isa = XCConfigurationList;
			buildConfigurations = (
				40410EBA27073D86002881DC /* Debug */,
				40410EBB27073D86002881DC /* Release */,
			);
			defaultConfigurationIsVisible = 0;
			defaultConfigurationName = Release;
		};
		40B30D0226F39D0000167B54 /* Build configuration list for PBXProject "Landmarks" */ = {
			isa = XCConfigurationList;
			buildConfigurations = (
				40B30D1426F39D0300167B54 /* Debug */,
				40B30D1526F39D0300167B54 /* Release */,
			);
			defaultConfigurationIsVisible = 0;
			defaultConfigurationName = Release;
		};
		40B30D1626F39D0300167B54 /* Build configuration list for PBXNativeTarget "Landmarks" */ = {
			isa = XCConfigurationList;
			buildConfigurations = (
				40B30D1726F39D0300167B54 /* Debug */,
				40B30D1826F39D0300167B54 /* Release */,
			);
			defaultConfigurationIsVisible = 0;
			defaultConfigurationName = Release;
		};
		40E3AF8127088C9F007CE068 /* Build configuration list for PBXNativeTarget "MacLandmarks" */ = {
			isa = XCConfigurationList;
			buildConfigurations = (
				40E3AF7F27088C9F007CE068 /* Debug */,
				40E3AF8027088C9F007CE068 /* Release */,
			);
			defaultConfigurationIsVisible = 0;
			defaultConfigurationName = Release;
		};
/* End XCConfigurationList section */
	};
	rootObject = 40B30CFF26F39D0000167B54 /* Project object */;
}
